
Microsoft Visual Studio Solution File, Format Version 12.00
# Visual Studio 2013
VisualStudioVersion = 12.0.31101.0
MinimumVisualStudioVersion = 10.0.40219.1
Project("{FAE04EC0-301F-11D3-BF4B-00C04F79EFBC}") = "VBSharper.Plugins", "VBSharper.Plugins\VBSharper.Plugins.csproj", "{A0707BFD-BE56-4874-B5CD-3FAC6E9CD198}"
EndProject
Project("{FAE04EC0-301F-11D3-BF4B-00C04F79EFBC}") = "VBSharper.Plugins.Tests", "VBSharper.Plugins.Tests\VBSharper.Plugins.Tests.csproj", "{40F92766-2B77-47CA-BE63-3C053C83C83B}"
EndProject
Project("{2150E333-8FDC-42A3-9474-1A3956D46DE8}") = ".nuget", ".nuget", "{10F96AA1-87A7-4377-951C-B04FD688B306}"
	ProjectSection(SolutionItems) = preProject
		.nuget\packages.config = .nuget\packages.config
	EndProjectSection
EndProject
Global
	GlobalSection(SolutionConfigurationPlatforms) = preSolution
		Debug|Any CPU = Debug|Any CPU
		Release|Any CPU = Release|Any CPU
	EndGlobalSection
	GlobalSection(ProjectConfigurationPlatforms) = postSolution
		{A0707BFD-BE56-4874-B5CD-3FAC6E9CD198}.Debug|Any CPU.ActiveCfg = Debug|Any CPU
		{A0707BFD-BE56-4874-B5CD-3FAC6E9CD198}.Debug|Any CPU.Build.0 = Debug|Any CPU
		{A0707BFD-BE56-4874-B5CD-3FAC6E9CD198}.Release|Any CPU.ActiveCfg = Release|Any CPU
		{A0707BFD-BE56-4874-B5CD-3FAC6E9CD198}.Release|Any CPU.Build.0 = Release|Any CPU
		{40F92766-2B77-47CA-BE63-3C053C83C83B}.Debug|Any CPU.ActiveCfg = Debug|Any CPU
		{40F92766-2B77-47CA-BE63-3C053C83C83B}.Debug|Any CPU.Build.0 = Debug|Any CPU
		{40F92766-2B77-47CA-BE63-3C053C83C83B}.Release|Any CPU.ActiveCfg = Release|Any CPU
		{40F92766-2B77-47CA-BE63-3C053C83C83B}.Release|Any CPU.Build.0 = Release|Any CPU
	EndGlobalSection
	GlobalSection(SolutionProperties) = preSolution
		HideSolutionNode = FALSE
	EndGlobalSection
EndGlobal
